<?xml version="1.0" encoding="utf-8"?>
<Project ToolsVersion="4.0" xmlns="http://schemas.microsoft.com/developer/msbuild/2003">
  <ItemGroup>
    <ClCompile Include="Mainer.cpp" />
    <ClCompile Include="MyGlWindow.cpp" />
    <ClCompile Include="MyShaderCode.cpp" />
    <ClCompile Include="MyWidget.cpp" />
    <ClCompile Include="ShapeGenerator.cpp" />
  </ItemGroup>
  <ItemGroup>
    <ClInclude Include="MyGlWindow.h" />
    <ClInclude Include="MyWidget.h" />
    <ClInclude Include="ShapeData.h">
      <Filter>Primitives</Filter>
    </ClInclude>
    <ClInclude Include="Vertex.h">
      <Filter>Primitives</Filter>
    </ClInclude>
    <ClInclude Include="ShapeGenerator.h" />
  </ItemGroup>
  <ItemGroup>
    <None Include="VertexShaderCode.glsl" />
    <None Include="FragmentShaderCode.glsl" />
    <None Include="UniformShaderCode.glsl" />
  </ItemGroup>
  <ItemGroup>
    <Filter Include="Primitives">
      <UniqueIdentifier>{a198a2f1-aca4-421c-a315-4c18d5ee8a2c}</UniqueIdentifier>
    </Filter>
  </ItemGroup>
</Project>